
Microsoft Visual Studio Solution File, Format Version 12.00
# Visual Studio Version 17
VisualStudioVersion = 17.1.32210.238
MinimumVisualStudioVersion = 10.0.40219.1
Project("{FAE04EC0-301F-11D3-BF4B-00C04F79EFBC}") = "BitsNBytes", "BitsNBytes\BitsNBytes.csproj", "{2FCDCADC-AD7D-493F-BB19-5047B1CF2669}"
EndProject
Global
	GlobalSection(SolutionConfigurationPlatforms) = preSolution
		Debug|Any CPU = Debug|Any CPU
		Release|Any CPU = Release|Any CPU
	EndGlobalSection
	GlobalSection(ProjectConfigurationPlatforms) = postSolution
		{2FCDCADC-AD7D-493F-BB19-5047B1CF2669}.Debug|Any CPU.ActiveCfg = Debug|Any CPU
		{2FCDCADC-AD7D-493F-BB19-5047B1CF2669}.Debug|Any CPU.Build.0 = Debug|Any CPU
		{2FCDCADC-AD7D-493F-BB19-5047B1CF2669}.Release|Any CPU.ActiveCfg = Release|Any CPU
		{2FCDCADC-AD7D-493F-BB19-5047B1CF2669}.Release|Any CPU.Build.0 = Release|Any CPU
	EndGlobalSection
	GlobalSection(SolutionProperties) = preSolution
		HideSolutionNode = FALSE
	EndGlobalSection
	GlobalSection(ExtensibilityGlobals) = postSolution
		SolutionGuid = {4DAF8A72-DA85-4616-AA56-654B6733925D}
	EndGlobalSection
EndGlobal
